
Microsoft Visual Studio Solution File, Format Version 12.00
# Visual Studio Version 16
VisualStudioVersion = 16.0.31313.79
MinimumVisualStudioVersion = 10.0.40219.1
Project("{9A19103F-16F7-4668-BE54-9A1E7A4F7556}") = "RestoreTestKBFromProd", "RestoreTestKBFromProd.csproj", "{0A0DF517-72B3-4451-A9B9-A0ECE7291220}"
EndProject
Global
	GlobalSection(SolutionConfigurationPlatforms) = preSolution
		Debug|Any CPU = Debug|Any CPU
		Release|Any CPU = Release|Any CPU
	EndGlobalSection
	GlobalSection(ProjectConfigurationPlatforms) = postSolution
		{0A0DF517-72B3-4451-A9B9-A0ECE7291220}.Debug|Any CPU.ActiveCfg = Debug|Any CPU
		{0A0DF517-72B3-4451-A9B9-A0ECE7291220}.Debug|Any CPU.Build.0 = Debug|Any CPU
		{0A0DF517-72B3-4451-A9B9-A0ECE7291220}.Release|Any CPU.ActiveCfg = Release|Any CPU
		{0A0DF517-72B3-4451-A9B9-A0ECE7291220}.Release|Any CPU.Build.0 = Release|Any CPU
	EndGlobalSection
	GlobalSection(SolutionProperties) = preSolution
		HideSolutionNode = FALSE
	EndGlobalSection
	GlobalSection(ExtensibilityGlobals) = postSolution
		SolutionGuid = {C02D5857-389C-47F8-AB0E-FF8763F350B7}
	EndGlobalSection
EndGlobal
